
Microsoft Visual Studio Solution File, Format Version 12.00
# Visual Studio Version 17
VisualStudioVersion = 17.10.35122.118
MinimumVisualStudioVersion = 10.0.40219.1
Project("{FAE04EC0-301F-11D3-BF4B-00C04F79EFBC}") = "PasswordLab", "PasswordLab\PasswordLab.csproj", "{7C9F548C-12F0-496C-BE6B-3D75BB7BBE21}"
EndProject
Project("{FAE04EC0-301F-11D3-BF4B-00C04F79EFBC}") = "PasswordGuidelines", "PasswordGuidelines\PasswordGuidelines.csproj", "{5F0CB0F7-47F5-408E-9929-6BE8A5A209AA}"
EndProject
Global
	GlobalSection(SolutionConfigurationPlatforms) = preSolution
		Debug|Any CPU = Debug|Any CPU
		Release|Any CPU = Release|Any CPU
	EndGlobalSection
	GlobalSection(ProjectConfigurationPlatforms) = postSolution
		{7C9F548C-12F0-496C-BE6B-3D75BB7BBE21}.Debug|Any CPU.ActiveCfg = Debug|Any CPU
		{7C9F548C-12F0-496C-BE6B-3D75BB7BBE21}.Debug|Any CPU.Build.0 = Debug|Any CPU
		{7C9F548C-12F0-496C-BE6B-3D75BB7BBE21}.Release|Any CPU.ActiveCfg = Release|Any CPU
		{7C9F548C-12F0-496C-BE6B-3D75BB7BBE21}.Release|Any CPU.Build.0 = Release|Any CPU
		{5F0CB0F7-47F5-408E-9929-6BE8A5A209AA}.Debug|Any CPU.ActiveCfg = Debug|Any CPU
		{5F0CB0F7-47F5-408E-9929-6BE8A5A209AA}.Debug|Any CPU.Build.0 = Debug|Any CPU
		{5F0CB0F7-47F5-408E-9929-6BE8A5A209AA}.Release|Any CPU.ActiveCfg = Release|Any CPU
		{5F0CB0F7-47F5-408E-9929-6BE8A5A209AA}.Release|Any CPU.Build.0 = Release|Any CPU
	EndGlobalSection
	GlobalSection(SolutionProperties) = preSolution
		HideSolutionNode = FALSE
	EndGlobalSection
	GlobalSection(ExtensibilityGlobals) = postSolution
		SolutionGuid = {1E06EBFA-5087-4A2B-B035-739BD341DFB4}
	EndGlobalSection
EndGlobal
